
Microsoft Visual Studio Solution File, Format Version 12.00
# Visual Studio Version 16
VisualStudioVersion = 16.0.35325.158
MinimumVisualStudioVersion = 10.0.40219.1
Project("{FAE04EC0-301F-11D3-BF4B-00C04F79EFBC}") = "ProjetoTDSA", "ProjetoTDSA\ProjetoTDSA.csproj", "{0467F539-06C1-4C5C-8E59-41D969ECFDF7}"
EndProject
Global
	GlobalSection(SolutionConfigurationPlatforms) = preSolution
		Debug|Any CPU = Debug|Any CPU
		Release|Any CPU = Release|Any CPU
	EndGlobalSection
	GlobalSection(ProjectConfigurationPlatforms) = postSolution
		{0467F539-06C1-4C5C-8E59-41D969ECFDF7}.Debug|Any CPU.ActiveCfg = Debug|Any CPU
		{0467F539-06C1-4C5C-8E59-41D969ECFDF7}.Debug|Any CPU.Build.0 = Debug|Any CPU
		{0467F539-06C1-4C5C-8E59-41D969ECFDF7}.Release|Any CPU.ActiveCfg = Release|Any CPU
		{0467F539-06C1-4C5C-8E59-41D969ECFDF7}.Release|Any CPU.Build.0 = Release|Any CPU
	EndGlobalSection
	GlobalSection(SolutionProperties) = preSolution
		HideSolutionNode = FALSE
	EndGlobalSection
	GlobalSection(ExtensibilityGlobals) = postSolution
		SolutionGuid = {D09B1D6F-5749-4A3E-863D-0C9D4BD40167}
	EndGlobalSection
EndGlobal
